// !$*UTF8*$!
{
	archiveVersion = 1;
	classes = {
	};
	objectVersion = 56;
	objects = {

/* Begin PBXBuildFile section */
		C30C6EAC2B1B9E4E00F094CF /* SportsTests.swift in Sources */ = {isa = PBXBuildFile; fileRef = C30C6EAB2B1B9E4E00F094CF /* SportsTests.swift */; };
		C3C4028A2AEA033C00DE2A73 /* SportsApp.swift in Sources */ = {isa = PBXBuildFile; fileRef = C3C402892AEA033C00DE2A73 /* SportsApp.swift */; };
		C3C4028C2AEA033C00DE2A73 /* ContentView.swift in Sources */ = {isa = PBXBuildFile; fileRef = C3C4028B2AEA033C00DE2A73 /* ContentView.swift */; };
		C3C4028E2AEA033D00DE2A73 /* Assets.xcassets in Resources */ = {isa = PBXBuildFile; fileRef = C3C4028D2AEA033D00DE2A73 /* Assets.xcassets */; };
		C3C402922AEA033D00DE2A73 /* Preview Assets.xcassets in Resources */ = {isa = PBXBuildFile; fileRef = C3C402912AEA033D00DE2A73 /* Preview Assets.xcassets */; };
		C3C4029A2AEA039800DE2A73 /* Networker in Frameworks */ = {isa = PBXBuildFile; productRef = C3C402992AEA039800DE2A73 /* Networker */; };
		C3C4029D2AEA044F00DE2A73 /* Venue.swift in Sources */ = {isa = PBXBuildFile; fileRef = C3C4029C2AEA044F00DE2A73 /* Venue.swift */; };
		C3C4029F2AEA059800DE2A73 /* VenueViewModel.swift in Sources */ = {isa = PBXBuildFile; fileRef = C3C4029E2AEA059800DE2A73 /* VenueViewModel.swift */; };
		C3C402A12AEA063D00DE2A73 /* VenueEndpoint.swift in Sources */ = {isa = PBXBuildFile; fileRef = C3C402A02AEA063D00DE2A73 /* VenueEndpoint.swift */; };
		C3C402A62AEA0A8C00DE2A73 /* VenueClient.swift in Sources */ = {isa = PBXBuildFile; fileRef = C3C402A52AEA0A8C00DE2A73 /* VenueClient.swift */; };
		C3C402A82AEA185A00DE2A73 /* VenuesView.swift in Sources */ = {isa = PBXBuildFile; fileRef = C3C402A72AEA185A00DE2A73 /* VenuesView.swift */; };
		C3D7FC182AF5E253000EFB1A /* Team.swift in Sources */ = {isa = PBXBuildFile; fileRef = C3D7FC172AF5E253000EFB1A /* Team.swift */; };
		C3D7FC1A2AF5E3B0000EFB1A /* TeamEndpoint.swift in Sources */ = {isa = PBXBuildFile; fileRef = C3D7FC192AF5E3B0000EFB1A /* TeamEndpoint.swift */; };
		C3D7FC1C2AF5E475000EFB1A /* TeamClient.swift in Sources */ = {isa = PBXBuildFile; fileRef = C3D7FC1B2AF5E475000EFB1A /* TeamClient.swift */; };
		C3D7FC1E2AF5E65F000EFB1A /* TeamsViewModel.swift in Sources */ = {isa = PBXBuildFile; fileRef = C3D7FC1D2AF5E65F000EFB1A /* TeamsViewModel.swift */; };
		C3D7FC202AF5E74A000EFB1A /* TeamsView.swift in Sources */ = {isa = PBXBuildFile; fileRef = C3D7FC1F2AF5E74A000EFB1A /* TeamsView.swift */; };
		C3D7FC222AF5F14C000EFB1A /* TeamRoster.swift in Sources */ = {isa = PBXBuildFile; fileRef = C3D7FC212AF5F14C000EFB1A /* TeamRoster.swift */; };
		C3D7FC252AF68331000EFB1A /* SportsLeague.swift in Sources */ = {isa = PBXBuildFile; fileRef = C3D7FC242AF68331000EFB1A /* SportsLeague.swift */; };
/* End PBXBuildFile section */

/* Begin PBXContainerItemProxy section */
		C30C6EAD2B1B9E4E00F094CF /* PBXContainerItemProxy */ = {
			isa = PBXContainerItemProxy;
			containerPortal = C3C4027E2AEA033C00DE2A73 /* Project object */;
			proxyType = 1;
			remoteGlobalIDString = C3C402852AEA033C00DE2A73;
			remoteInfo = Sports;
		};
/* End PBXContainerItemProxy section */

/* Begin PBXFileReference section */
		C30C6EA92B1B9E4E00F094CF /* SportsTests.xctest */ = {isa = PBXFileReference; explicitFileType = wrapper.cfbundle; includeInIndex = 0; path = SportsTests.xctest; sourceTree = BUILT_PRODUCTS_DIR; };
		C30C6EAB2B1B9E4E00F094CF /* SportsTests.swift */ = {isa = PBXFileReference; lastKnownFileType = sourcecode.swift; path = SportsTests.swift; sourceTree = "<group>"; };
		C3C402862AEA033C00DE2A73 /* Sports.app */ = {isa = PBXFileReference; explicitFileType = wrapper.application; includeInIndex = 0; path = Sports.app; sourceTree = BUILT_PRODUCTS_DIR; };
		C3C402892AEA033C00DE2A73 /* SportsApp.swift */ = {isa = PBXFileReference; lastKnownFileType = sourcecode.swift; path = SportsApp.swift; sourceTree = "<group>"; };
		C3C4028B2AEA033C00DE2A73 /* ContentView.swift */ = {isa = PBXFileReference; lastKnownFileType = sourcecode.swift; path = ContentView.swift; sourceTree = "<group>"; };
		C3C4028D2AEA033D00DE2A73 /* Assets.xcassets */ = {isa = PBXFileReference; lastKnownFileType = folder.assetcatalog; path = Assets.xcassets; sourceTree = "<group>"; };
		C3C4028F2AEA033D00DE2A73 /* Sports.entitlements */ = {isa = PBXFileReference; lastKnownFileType = text.plist.entitlements; path = Sports.entitlements; sourceTree = "<group>"; };
		C3C402912AEA033D00DE2A73 /* Preview Assets.xcassets */ = {isa = PBXFileReference; lastKnownFileType = folder.assetcatalog; path = "Preview Assets.xcassets"; sourceTree = "<group>"; };
		C3C4029C2AEA044F00DE2A73 /* Venue.swift */ = {isa = PBXFileReference; lastKnownFileType = sourcecode.swift; path = Venue.swift; sourceTree = "<group>"; };
		C3C4029E2AEA059800DE2A73 /* VenueViewModel.swift */ = {isa = PBXFileReference; lastKnownFileType = sourcecode.swift; path = VenueViewModel.swift; sourceTree = "<group>"; };
		C3C402A02AEA063D00DE2A73 /* VenueEndpoint.swift */ = {isa = PBXFileReference; lastKnownFileType = sourcecode.swift; path = VenueEndpoint.swift; sourceTree = "<group>"; };
		C3C402A52AEA0A8C00DE2A73 /* VenueClient.swift */ = {isa = PBXFileReference; lastKnownFileType = sourcecode.swift; path = VenueClient.swift; sourceTree = "<group>"; };
		C3C402A72AEA185A00DE2A73 /* VenuesView.swift */ = {isa = PBXFileReference; lastKnownFileType = sourcecode.swift; path = VenuesView.swift; sourceTree = "<group>"; };
		C3D7FC172AF5E253000EFB1A /* Team.swift */ = {isa = PBXFileReference; lastKnownFileType = sourcecode.swift; path = Team.swift; sourceTree = "<group>"; };
		C3D7FC192AF5E3B0000EFB1A /* TeamEndpoint.swift */ = {isa = PBXFileReference; lastKnownFileType = sourcecode.swift; path = TeamEndpoint.swift; sourceTree = "<group>"; };
		C3D7FC1B2AF5E475000EFB1A /* TeamClient.swift */ = {isa = PBXFileReference; lastKnownFileType = sourcecode.swift; path = TeamClient.swift; sourceTree = "<group>"; };
		C3D7FC1D2AF5E65F000EFB1A /* TeamsViewModel.swift */ = {isa = PBXFileReference; lastKnownFileType = sourcecode.swift; path = TeamsViewModel.swift; sourceTree = "<group>"; };
		C3D7FC1F2AF5E74A000EFB1A /* TeamsView.swift */ = {isa = PBXFileReference; lastKnownFileType = sourcecode.swift; path = TeamsView.swift; sourceTree = "<group>"; };
		C3D7FC212AF5F14C000EFB1A /* TeamRoster.swift */ = {isa = PBXFileReference; lastKnownFileType = sourcecode.swift; path = TeamRoster.swift; sourceTree = "<group>"; };
		C3D7FC242AF68331000EFB1A /* SportsLeague.swift */ = {isa = PBXFileReference; lastKnownFileType = sourcecode.swift; path = SportsLeague.swift; sourceTree = "<group>"; };
/* End PBXFileReference section */

/* Begin PBXFrameworksBuildPhase section */
		C30C6EA62B1B9E4E00F094CF /* Frameworks */ = {
			isa = PBXFrameworksBuildPhase;
			buildActionMask = 2147483647;
			files = (
			);
			runOnlyForDeploymentPostprocessing = 0;
		};
		C3C402832AEA033C00DE2A73 /* Frameworks */ = {
			isa = PBXFrameworksBuildPhase;
			buildActionMask = 2147483647;
			files = (
				C3C4029A2AEA039800DE2A73 /* Networker in Frameworks */,
			);
			runOnlyForDeploymentPostprocessing = 0;
		};
/* End PBXFrameworksBuildPhase section */

/* Begin PBXGroup section */
		C30C6EAA2B1B9E4E00F094CF /* SportsTests */ = {
			isa = PBXGroup;
			children = (
				C30C6EAB2B1B9E4E00F094CF /* SportsTests.swift */,
			);
			path = SportsTests;
			sourceTree = "<group>";
		};
		C3C4027D2AEA033C00DE2A73 = {
			isa = PBXGroup;
			children = (
				C3C402882AEA033C00DE2A73 /* Sports */,
				C30C6EAA2B1B9E4E00F094CF /* SportsTests */,
				C3C402872AEA033C00DE2A73 /* Products */,
			);
			sourceTree = "<group>";
		};
		C3C402872AEA033C00DE2A73 /* Products */ = {
			isa = PBXGroup;
			children = (
				C3C402862AEA033C00DE2A73 /* Sports.app */,
				C30C6EA92B1B9E4E00F094CF /* SportsTests.xctest */,
			);
			name = Products;
			sourceTree = "<group>";
		};
		C3C402882AEA033C00DE2A73 /* Sports */ = {
			isa = PBXGroup;
			children = (
				C3D7FC232AF682E5000EFB1A /* Landing */,
				C3D7FC162AF5DE20000EFB1A /* Teams */,
				C3C4029B2AEA03B900DE2A73 /* Venues */,
				C3C402892AEA033C00DE2A73 /* SportsApp.swift */,
				C3C4028D2AEA033D00DE2A73 /* Assets.xcassets */,
				C3C4028F2AEA033D00DE2A73 /* Sports.entitlements */,
				C3C402902AEA033D00DE2A73 /* Preview Content */,
			);
			path = Sports;
			sourceTree = "<group>";
		};
		C3C402902AEA033D00DE2A73 /* Preview Content */ = {
			isa = PBXGroup;
			children = (
				C3C402912AEA033D00DE2A73 /* Preview Assets.xcassets */,
			);
			path = "Preview Content";
			sourceTree = "<group>";
		};
		C3C4029B2AEA03B900DE2A73 /* Venues */ = {
			isa = PBXGroup;
			children = (
				C3C4029C2AEA044F00DE2A73 /* Venue.swift */,
				C3C4029E2AEA059800DE2A73 /* VenueViewModel.swift */,
				C3C402A02AEA063D00DE2A73 /* VenueEndpoint.swift */,
				C3C402A52AEA0A8C00DE2A73 /* VenueClient.swift */,
				C3C402A72AEA185A00DE2A73 /* VenuesView.swift */,
			);
			path = Venues;
			sourceTree = "<group>";
		};
		C3D7FC162AF5DE20000EFB1A /* Teams */ = {
			isa = PBXGroup;
			children = (
				C3D7FC172AF5E253000EFB1A /* Team.swift */,
				C3D7FC192AF5E3B0000EFB1A /* TeamEndpoint.swift */,
				C3D7FC1B2AF5E475000EFB1A /* TeamClient.swift */,
				C3D7FC1D2AF5E65F000EFB1A /* TeamsViewModel.swift */,
				C3D7FC1F2AF5E74A000EFB1A /* TeamsView.swift */,
				C3D7FC212AF5F14C000EFB1A /* TeamRoster.swift */,
			);
			path = Teams;
			sourceTree = "<group>";
		};
		C3D7FC232AF682E5000EFB1A /* Landing */ = {
			isa = PBXGroup;
			children = (
				C3C4028B2AEA033C00DE2A73 /* ContentView.swift */,
				C3D7FC242AF68331000EFB1A /* SportsLeague.swift */,
			);
			path = Landing;
			sourceTree = "<group>";
		};
/* End PBXGroup section */

/* Begin PBXNativeTarget section */
		C30C6EA82B1B9E4E00F094CF /* SportsTests */ = {
			isa = PBXNativeTarget;
			buildConfigurationList = C30C6EAF2B1B9E4E00F094CF /* Build configuration list for PBXNativeTarget "SportsTests" */;
			buildPhases = (
				C30C6EA52B1B9E4E00F094CF /* Sources */,
				C30C6EA62B1B9E4E00F094CF /* Frameworks */,
				C30C6EA72B1B9E4E00F094CF /* Resources */,
			);
			buildRules = (
			);
			dependencies = (
				C30C6EAE2B1B9E4E00F094CF /* PBXTargetDependency */,
			);
			name = SportsTests;
			productName = SportsTests;
			productReference = C30C6EA92B1B9E4E00F094CF /* SportsTests.xctest */;
			productType = "com.apple.product-type.bundle.unit-test";
		};
		C3C402852AEA033C00DE2A73 /* Sports */ = {
			isa = PBXNativeTarget;
			buildConfigurationList = C3C402952AEA033D00DE2A73 /* Build configuration list for PBXNativeTarget "Sports" */;
			buildPhases = (
				C3C402822AEA033C00DE2A73 /* Sources */,
				C3C402832AEA033C00DE2A73 /* Frameworks */,
				C3C402842AEA033C00DE2A73 /* Resources */,
			);
			buildRules = (
			);
			dependencies = (
			);
			name = Sports;
			packageProductDependencies = (
				C3C402992AEA039800DE2A73 /* Networker */,
			);
			productName = Sports;
			productReference = C3C402862AEA033C00DE2A73 /* Sports.app */;
			productType = "com.apple.product-type.application";
		};
/* End PBXNativeTarget section */

/* Begin PBXProject section */
		C3C4027E2AEA033C00DE2A73 /* Project object */ = {
			isa = PBXProject;
			attributes = {
				BuildIndependentTargetsInParallel = 1;
				LastSwiftUpdateCheck = 1500;
				LastUpgradeCheck = 1500;
				TargetAttributes = {
					C30C6EA82B1B9E4E00F094CF = {
						CreatedOnToolsVersion = 15.0;
						TestTargetID = C3C402852AEA033C00DE2A73;
					};
					C3C402852AEA033C00DE2A73 = {
						CreatedOnToolsVersion = 15.0;
					};
				};
			};
			buildConfigurationList = C3C402812AEA033C00DE2A73 /* Build configuration list for PBXProject "Sports" */;
			compatibilityVersion = "Xcode 14.0";
			developmentRegion = en;
			hasScannedForEncodings = 0;
			knownRegions = (
				en,
				Base,
			);
			mainGroup = C3C4027D2AEA033C00DE2A73;
			packageReferences = (
				C3C402982AEA039800DE2A73 /* XCRemoteSwiftPackageReference "Networker" */,
			);
			productRefGroup = C3C402872AEA033C00DE2A73 /* Products */;
			projectDirPath = "";
			projectRoot = "";
			targets = (
				C3C402852AEA033C00DE2A73 /* Sports */,
				C30C6EA82B1B9E4E00F094CF /* SportsTests */,
			);
		};
/* End PBXProject section */

/* Begin PBXResourcesBuildPhase section */
		C30C6EA72B1B9E4E00F094CF /* Resources */ = {
			isa = PBXResourcesBuildPhase;
			buildActionMask = 2147483647;
			files = (
			);
			runOnlyForDeploymentPostprocessing = 0;
		};
		C3C402842AEA033C00DE2A73 /* Resources */ = {
			isa = PBXResourcesBuildPhase;
			buildActionMask = 2147483647;
			files = (
				C3C402922AEA033D00DE2A73 /* Preview Assets.xcassets in Resources */,
				C3C4028E2AEA033D00DE2A73 /* Assets.xcassets in Resources */,
			);
			runOnlyForDeploymentPostprocessing = 0;
		};
/* End PBXResourcesBuildPhase section */

/* Begin PBXSourcesBuildPhase section */
		C30C6EA52B1B9E4E00F094CF /* Sources */ = {
			isa = PBXSourcesBuildPhase;
			buildActionMask = 2147483647;
			files = (
				C30C6EAC2B1B9E4E00F094CF /* SportsTests.swift in Sources */,
			);
			runOnlyForDeploymentPostprocessing = 0;
		};
		C3C402822AEA033C00DE2A73 /* Sources */ = {
			isa = PBXSourcesBuildPhase;
			buildActionMask = 2147483647;
			files = (
				C3C4028C2AEA033C00DE2A73 /* ContentView.swift in Sources */,
				C3D7FC1E2AF5E65F000EFB1A /* TeamsViewModel.swift in Sources */,
				C3C4029D2AEA044F00DE2A73 /* Venue.swift in Sources */,
				C3D7FC252AF68331000EFB1A /* SportsLeague.swift in Sources */,
				C3D7FC202AF5E74A000EFB1A /* TeamsView.swift in Sources */,
				C3C402A82AEA185A00DE2A73 /* VenuesView.swift in Sources */,
				C3C4029F2AEA059800DE2A73 /* VenueViewModel.swift in Sources */,
				C3D7FC182AF5E253000EFB1A /* Team.swift in Sources */,
				C3D7FC1C2AF5E475000EFB1A /* TeamClient.swift in Sources */,
				C3C402A12AEA063D00DE2A73 /* VenueEndpoint.swift in Sources */,
				C3D7FC1A2AF5E3B0000EFB1A /* TeamEndpoint.swift in Sources */,
				C3C402A62AEA0A8C00DE2A73 /* VenueClient.swift in Sources */,
				C3D7FC222AF5F14C000EFB1A /* TeamRoster.swift in Sources */,
				C3C4028A2AEA033C00DE2A73 /* SportsApp.swift in Sources */,
			);
			runOnlyForDeploymentPostprocessing = 0;
		};
/* End PBXSourcesBuildPhase section */

/* Begin PBXTargetDependency section */
		C30C6EAE2B1B9E4E00F094CF /* PBXTargetDependency */ = {
			isa = PBXTargetDependency;
			target = C3C402852AEA033C00DE2A73 /* Sports */;
			targetProxy = C30C6EAD2B1B9E4E00F094CF /* PBXContainerItemProxy */;
		};
/* End PBXTargetDependency section */

/* Begin XCBuildConfiguration section */
		C30C6EB02B1B9E4E00F094CF /* Debug */ = {
			isa = XCBuildConfiguration;
			buildSettings = {
				BUNDLE_LOADER = "$(TEST_HOST)";
				CODE_SIGN_STYLE = Automatic;
				CURRENT_PROJECT_VERSION = 1;
				GENERATE_INFOPLIST_FILE = YES;
				IPHONEOS_DEPLOYMENT_TARGET = 17.0;
				MARKETING_VERSION = 1.0;
				PRODUCT_BUNDLE_IDENTIFIER = pk.SportsTests;
				PRODUCT_NAME = "$(TARGET_NAME)";
				SDKROOT = iphoneos;
				SWIFT_EMIT_LOC_STRINGS = NO;
				SWIFT_VERSION = 5.0;
				TARGETED_DEVICE_FAMILY = "1,2";
				TEST_HOST = "$(BUILT_PRODUCTS_DIR)/Sports.app/$(BUNDLE_EXECUTABLE_FOLDER_PATH)/Sports";
			};
			name = Debug;
		};
		C30C6EB12B1B9E4E00F094CF /* Release */ = {
			isa = XCBuildConfiguration;
			buildSettings = {
				BUNDLE_LOADER = "$(TEST_HOST)";
				CODE_SIGN_STYLE = Automatic;
				CURRENT_PROJECT_VERSION = 1;
				GENERATE_INFOPLIST_FILE = YES;
				IPHONEOS_DEPLOYMENT_TARGET = 17.0;
				MARKETING_VERSION = 1.0;
				PRODUCT_BUNDLE_IDENTIFIER = pk.SportsTests;
				PRODUCT_NAME = "$(TARGET_NAME)";
				SDKROOT = iphoneos;
				SWIFT_EMIT_LOC_STRINGS = NO;
				SWIFT_VERSION = 5.0;
				TARGETED_DEVICE_FAMILY = "1,2";
				TEST_HOST = "$(BUILT_PRODUCTS_DIR)/Sports.app/$(BUNDLE_EXECUTABLE_FOLDER_PATH)/Sports";
				VALIDATE_PRODUCT = YES;
			};
			name = Release;
		};
		C3C402932AEA033D00DE2A73 /* Debug */ = {
			isa = XCBuildConfiguration;
			buildSettings = {
				ALWAYS_SEARCH_USER_PATHS = NO;
				ASSETCATALOG_COMPILER_GENERATE_SWIFT_ASSET_SYMBOL_EXTENSIONS = YES;
				CLANG_ANALYZER_NONNULL = YES;
				CLANG_ANALYZER_NUMBER_OBJECT_CONVERSION = YES_AGGRESSIVE;
				CLANG_CXX_LANGUAGE_STANDARD = "gnu++20";
				CLANG_ENABLE_MODULES = YES;
				CLANG_ENABLE_OBJC_ARC = YES;
				CLANG_ENABLE_OBJC_WEAK = YES;
				CLANG_WARN_BLOCK_CAPTURE_AUTORELEASING = YES;
				CLANG_WARN_BOOL_CONVERSION = YES;
				CLANG_WARN_COMMA = YES;
				CLANG_WARN_CONSTANT_CONVERSION = YES;
				CLANG_WARN_DEPRECATED_OBJC_IMPLEMENTATIONS = YES;
				CLANG_WARN_DIRECT_OBJC_ISA_USAGE = YES_ERROR;
				CLANG_WARN_DOCUMENTATION_COMMENTS = YES;
				CLANG_WARN_EMPTY_BODY = YES;
				CLANG_WARN_ENUM_CONVERSION = YES;
				CLANG_WARN_INFINITE_RECURSION = YES;
				CLANG_WARN_INT_CONVERSION = YES;
				CLANG_WARN_NON_LITERAL_NULL_CONVERSION = YES;
				CLANG_WARN_OBJC_IMPLICIT_RETAIN_SELF = YES;
				CLANG_WARN_OBJC_LITERAL_CONVERSION = YES;
				CLANG_WARN_OBJC_ROOT_CLASS = YES_ERROR;
				CLANG_WARN_QUOTED_INCLUDE_IN_FRAMEWORK_HEADER = YES;
				CLANG_WARN_RANGE_LOOP_ANALYSIS = YES;
				CLANG_WARN_STRICT_PROTOTYPES = YES;
				CLANG_WARN_SUSPICIOUS_MOVE = YES;
				CLANG_WARN_UNGUARDED_AVAILABILITY = YES_AGGRESSIVE;
				CLANG_WARN_UNREACHABLE_CODE = YES;
				CLANG_WARN__DUPLICATE_METHOD_MATCH = YES;
				COPY_PHASE_STRIP = NO;
				DEBUG_INFORMATION_FORMAT = dwarf;
				ENABLE_STRICT_OBJC_MSGSEND = YES;
				ENABLE_TESTABILITY = YES;
				ENABLE_USER_SCRIPT_SANDBOXING = YES;
				GCC_C_LANGUAGE_STANDARD = gnu17;
				GCC_DYNAMIC_NO_PIC = NO;
				GCC_NO_COMMON_BLOCKS = YES;
				GCC_OPTIMIZATION_LEVEL = 0;
				GCC_PREPROCESSOR_DEFINITIONS = (
					"DEBUG=1",
					"$(inherited)",
				);
				GCC_WARN_64_TO_32_BIT_CONVERSION = YES;
				GCC_WARN_ABOUT_RETURN_TYPE = YES_ERROR;
				GCC_WARN_UNDECLARED_SELECTOR = YES;
				GCC_WARN_UNINITIALIZED_AUTOS = YES_AGGRESSIVE;
				GCC_WARN_UNUSED_FUNCTION = YES;
				GCC_WARN_UNUSED_VARIABLE = YES;
				LOCALIZATION_PREFERS_STRING_CATALOGS = YES;
				MTL_ENABLE_DEBUG_INFO = INCLUDE_SOURCE;
				MTL_FAST_MATH = YES;
				ONLY_ACTIVE_ARCH = YES;
				SWIFT_ACTIVE_COMPILATION_CONDITIONS = "DEBUG $(inherited)";
				SWIFT_OPTIMIZATION_LEVEL = "-Onone";
			};
			name = Debug;
		};
		C3C402942AEA033D00DE2A73 /* Release */ = {
			isa = XCBuildConfiguration;
			buildSettings = {
				ALWAYS_SEARCH_USER_PATHS = NO;
				ASSETCATALOG_COMPILER_GENERATE_SWIFT_ASSET_SYMBOL_EXTENSIONS = YES;
				CLANG_ANALYZER_NONNULL = YES;
				CLANG_ANALYZER_NUMBER_OBJECT_CONVERSION = YES_AGGRESSIVE;
				CLANG_CXX_LANGUAGE_STANDARD = "gnu++20";
				CLANG_ENABLE_MODULES = YES;
				CLANG_ENABLE_OBJC_ARC = YES;
				CLANG_ENABLE_OBJC_WEAK = YES;
				CLANG_WARN_BLOCK_CAPTURE_AUTORELEASING = YES;
				CLANG_WARN_BOOL_CONVERSION = YES;
				CLANG_WARN_COMMA = YES;
				CLANG_WARN_CONSTANT_CONVERSION = YES;
				CLANG_WARN_DEPRECATED_OBJC_IMPLEMENTATIONS = YES;
				CLANG_WARN_DIRECT_OBJC_ISA_USAGE = YES_ERROR;
				CLANG_WARN_DOCUMENTATION_COMMENTS = YES;
				CLANG_WARN_EMPTY_BODY = YES;
				CLANG_WARN_ENUM_CONVERSION = YES;
				CLANG_WARN_INFINITE_RECURSION = YES;
				CLANG_WARN_INT_CONVERSION = YES;
				CLANG_WARN_NON_LITERAL_NULL_CONVERSION = YES;
				CLANG_WARN_OBJC_IMPLICIT_RETAIN_SELF = YES;
				CLANG_WARN_OBJC_LITERAL_CONVERSION = YES;
				CLANG_WARN_OBJC_ROOT_CLASS = YES_ERROR;
				CLANG_WARN_QUOTED_INCLUDE_IN_FRAMEWORK_HEADER = YES;
				CLANG_WARN_RANGE_LOOP_ANALYSIS = YES;
				CLANG_WARN_STRICT_PROTOTYPES = YES;
				CLANG_WARN_SUSPICIOUS_MOVE = YES;
				CLANG_WARN_UNGUARDED_AVAILABILITY = YES_AGGRESSIVE;
				CLANG_WARN_UNREACHABLE_CODE = YES;
				CLANG_WARN__DUPLICATE_METHOD_MATCH = YES;
				COPY_PHASE_STRIP = NO;
				DEBUG_INFORMATION_FORMAT = "dwarf-with-dsym";
				ENABLE_NS_ASSERTIONS = NO;
				ENABLE_STRICT_OBJC_MSGSEND = YES;
				ENABLE_USER_SCRIPT_SANDBOXING = YES;
				GCC_C_LANGUAGE_STANDARD = gnu17;
				GCC_NO_COMMON_BLOCKS = YES;
				GCC_WARN_64_TO_32_BIT_CONVERSION = YES;
				GCC_WARN_ABOUT_RETURN_TYPE = YES_ERROR;
				GCC_WARN_UNDECLARED_SELECTOR = YES;
				GCC_WARN_UNINITIALIZED_AUTOS = YES_AGGRESSIVE;
				GCC_WARN_UNUSED_FUNCTION = YES;
				GCC_WARN_UNUSED_VARIABLE = YES;
				LOCALIZATION_PREFERS_STRING_CATALOGS = YES;
				MTL_ENABLE_DEBUG_INFO = NO;
				MTL_FAST_MATH = YES;
				SWIFT_COMPILATION_MODE = wholemodule;
			};
			name = Release;
		};
		C3C402962AEA033D00DE2A73 /* Debug */ = {
			isa = XCBuildConfiguration;
			buildSettings = {
				ASSETCATALOG_COMPILER_APPICON_NAME = AppIcon;
				ASSETCATALOG_COMPILER_GLOBAL_ACCENT_COLOR_NAME = AccentColor;
				CODE_SIGN_ENTITLEMENTS = Sports/Sports.entitlements;
				CODE_SIGN_STYLE = Automatic;
				CURRENT_PROJECT_VERSION = 1;
				DEVELOPMENT_ASSET_PATHS = "\"Sports/Preview Content\"";
				ENABLE_PREVIEWS = YES;
				GENERATE_INFOPLIST_FILE = YES;
				"INFOPLIST_KEY_UIApplicationSceneManifest_Generation[sdk=iphoneos*]" = YES;
				"INFOPLIST_KEY_UIApplicationSceneManifest_Generation[sdk=iphonesimulator*]" = YES;
				"INFOPLIST_KEY_UIApplicationSupportsIndirectInputEvents[sdk=iphoneos*]" = YES;
				"INFOPLIST_KEY_UIApplicationSupportsIndirectInputEvents[sdk=iphonesimulator*]" = YES;
				"INFOPLIST_KEY_UILaunchScreen_Generation[sdk=iphoneos*]" = YES;
				"INFOPLIST_KEY_UILaunchScreen_Generation[sdk=iphonesimulator*]" = YES;
				"INFOPLIST_KEY_UIStatusBarStyle[sdk=iphoneos*]" = UIStatusBarStyleDefault;
				"INFOPLIST_KEY_UIStatusBarStyle[sdk=iphonesimulator*]" = UIStatusBarStyleDefault;
				INFOPLIST_KEY_UISupportedInterfaceOrientations_iPad = "UIInterfaceOrientationPortrait UIInterfaceOrientationPortraitUpsideDown UIInterfaceOrientationLandscapeLeft UIInterfaceOrientationLandscapeRight";
				INFOPLIST_KEY_UISupportedInterfaceOrientations_iPhone = "UIInterfaceOrientationPortrait UIInterfaceOrientationLandscapeLeft UIInterfaceOrientationLandscapeRight";
				IPHONEOS_DEPLOYMENT_TARGET = 17.0;
				LD_RUNPATH_SEARCH_PATHS = "@executable_path/Frameworks";
				"LD_RUNPATH_SEARCH_PATHS[sdk=macosx*]" = "@executable_path/../Frameworks";
				MACOSX_DEPLOYMENT_TARGET = 14.0;
				MARKETING_VERSION = 1.0;
				PRODUCT_BUNDLE_IDENTIFIER = pk.Sports;
				PRODUCT_NAME = "$(TARGET_NAME)";
				SDKROOT = auto;
				SUPPORTED_PLATFORMS = "iphoneos iphonesimulator macosx";
				SWIFT_EMIT_LOC_STRINGS = YES;
				SWIFT_VERSION = 5.0;
				TARGETED_DEVICE_FAMILY = "1,2";
			};
			name = Debug;
		};
		C3C402972AEA033D00DE2A73 /* Release */ = {
			isa = XCBuildConfiguration;
			buildSettings = {
				ASSETCATALOG_COMPILER_APPICON_NAME = AppIcon;
				ASSETCATALOG_COMPILER_GLOBAL_ACCENT_COLOR_NAME = AccentColor;
				CODE_SIGN_ENTITLEMENTS = Sports/Sports.entitlements;
				CODE_SIGN_STYLE = Automatic;
				CURRENT_PROJECT_VERSION = 1;
				DEVELOPMENT_ASSET_PATHS = "\"Sports/Preview Content\"";
				ENABLE_PREVIEWS = YES;
				GENERATE_INFOPLIST_FILE = YES;
				"INFOPLIST_KEY_UIApplicationSceneManifest_Generation[sdk=iphoneos*]" = YES;
				"INFOPLIST_KEY_UIApplicationSceneManifest_Generation[sdk=iphonesimulator*]" = YES;
				"INFOPLIST_KEY_UIApplicationSupportsIndirectInputEvents[sdk=iphoneos*]" = YES;
				"INFOPLIST_KEY_UIApplicationSupportsIndirectInputEvents[sdk=iphonesimulator*]" = YES;
				"INFOPLIST_KEY_UILaunchScreen_Generation[sdk=iphoneos*]" = YES;
				"INFOPLIST_KEY_UILaunchScreen_Generation[sdk=iphonesimulator*]" = YES;
				"INFOPLIST_KEY_UIStatusBarStyle[sdk=iphoneos*]" = UIStatusBarStyleDefault;
				"INFOPLIST_KEY_UIStatusBarStyle[sdk=iphonesimulator*]" = UIStatusBarStyleDefault;
				INFOPLIST_KEY_UISupportedInterfaceOrientations_iPad = "UIInterfaceOrientationPortrait UIInterfaceOrientationPortraitUpsideDown UIInterfaceOrientationLandscapeLeft UIInterfaceOrientationLandscapeRight";
				INFOPLIST_KEY_UISupportedInterfaceOrientations_iPhone = "UIInterfaceOrientationPortrait UIInterfaceOrientationLandscapeLeft UIInterfaceOrientationLandscapeRight";
				IPHONEOS_DEPLOYMENT_TARGET = 17.0;
				LD_RUNPATH_SEARCH_PATHS = "@executable_path/Frameworks";
				"LD_RUNPATH_SEARCH_PATHS[sdk=macosx*]" = "@executable_path/../Frameworks";
				MACOSX_DEPLOYMENT_TARGET = 14.0;
				MARKETING_VERSION = 1.0;
				PRODUCT_BUNDLE_IDENTIFIER = pk.Sports;
				PRODUCT_NAME = "$(TARGET_NAME)";
				SDKROOT = auto;
				SUPPORTED_PLATFORMS = "iphoneos iphonesimulator macosx";
				SWIFT_EMIT_LOC_STRINGS = YES;
				SWIFT_VERSION = 5.0;
				TARGETED_DEVICE_FAMILY = "1,2";
			};
			name = Release;
		};
/* End XCBuildConfiguration section */

/* Begin XCConfigurationList section */
		C30C6EAF2B1B9E4E00F094CF /* Build configuration list for PBXNativeTarget "SportsTests" */ = {
			isa = XCConfigurationList;
			buildConfigurations = (
				C30C6EB02B1B9E4E00F094CF /* Debug */,
				C30C6EB12B1B9E4E00F094CF /* Release */,
			);
			defaultConfigurationIsVisible = 0;
			defaultConfigurationName = Release;
		};
		C3C402812AEA033C00DE2A73 /* Build configuration list for PBXProject "Sports" */ = {
			isa = XCConfigurationList;
			buildConfigurations = (
				C3C402932AEA033D00DE2A73 /* Debug */,
				C3C402942AEA033D00DE2A73 /* Release */,
			);
			defaultConfigurationIsVisible = 0;
			defaultConfigurationName = Release;
		};
		C3C402952AEA033D00DE2A73 /* Build configuration list for PBXNativeTarget "Sports" */ = {
			isa = XCConfigurationList;
			buildConfigurations = (
				C3C402962AEA033D00DE2A73 /* Debug */,
				C3C402972AEA033D00DE2A73 /* Release */,
			);
			defaultConfigurationIsVisible = 0;
			defaultConfigurationName = Release;
		};
/* End XCConfigurationList section */

/* Begin XCRemoteSwiftPackageReference section */
		C3C402982AEA039800DE2A73 /* XCRemoteSwiftPackageReference "Networker" */ = {
			isa = XCRemoteSwiftPackageReference;
			repositoryURL = "https://github.com/praveenvelanati/Networker.git";
			requirement = {
				branch = main;
				kind = branch;
			};
		};
/* End XCRemoteSwiftPackageReference section */

/* Begin XCSwiftPackageProductDependency section */
		C3C402992AEA039800DE2A73 /* Networker */ = {
			isa = XCSwiftPackageProductDependency;
			package = C3C402982AEA039800DE2A73 /* XCRemoteSwiftPackageReference "Networker" */;
			productName = Networker;
		};
/* End XCSwiftPackageProductDependency section */
	};
	rootObject = C3C4027E2AEA033C00DE2A73 /* Project object */;
}
